// !$*UTF8*$!
{
	archiveVersion = 1;
	classes = {
	};
	objectVersion = 50;
	objects = {

/* Begin PBXBuildFile section */
		8E2E034B2699CC1D0000D09F /* LaunchScreen.storyboard in Resources */ = {isa = PBXBuildFile; fileRef = 8E2E034A2699CC1D0000D09F /* LaunchScreen.storyboard */; };
		8EEEAC28268EE90B006CB8C9 /* AppDelegate.swift in Sources */ = {isa = PBXBuildFile; fileRef = 8EEEAC27268EE90B006CB8C9 /* AppDelegate.swift */; };
		8EEEAC2A268EE90B006CB8C9 /* SceneDelegate.swift in Sources */ = {isa = PBXBuildFile; fileRef = 8EEEAC29268EE90B006CB8C9 /* SceneDelegate.swift */; };
		8EEEAC2C268EE90B006CB8C9 /* ViewController.swift in Sources */ = {isa = PBXBuildFile; fileRef = 8EEEAC2B268EE90B006CB8C9 /* ViewController.swift */; };
		8EEEAC2F268EE90B006CB8C9 /* Main.storyboard in Resources */ = {isa = PBXBuildFile; fileRef = 8EEEAC2D268EE90B006CB8C9 /* Main.storyboard */; };
		8EEEAC31268EE90D006CB8C9 /* Assets.xcassets in Resources */ = {isa = PBXBuildFile; fileRef = 8EEEAC30268EE90D006CB8C9 /* Assets.xcassets */; };
		8EEEAC34268EE90D006CB8C9 /* LaunchScreen.storyboard in Resources */ = {isa = PBXBuildFile; fileRef = 8EEEAC32268EE90D006CB8C9 /* LaunchScreen.storyboard */; };
		8EEEAC3F268EE90D006CB8C9 /* TikTacToeTests.swift in Sources */ = {isa = PBXBuildFile; fileRef = 8EEEAC3E268EE90D006CB8C9 /* TikTacToeTests.swift */; };
		8EEEAC4A268EE90D006CB8C9 /* TikTacToeUITests.swift in Sources */ = {isa = PBXBuildFile; fileRef = 8EEEAC49268EE90D006CB8C9 /* TikTacToeUITests.swift */; };
		9B11A7FF269694D30047BA62 /* aboutMJViewController.swift in Sources */ = {isa = PBXBuildFile; fileRef = 9B11A7FE269694D30047BA62 /* aboutMJViewController.swift */; };
		9B92DCAD269825790076C9C5 /* Login.swift in Sources */ = {isa = PBXBuildFile; fileRef = 9B92DCAC269825790076C9C5 /* Login.swift */; };
		9B92DCAF269825970076C9C5 /* Register.swift in Sources */ = {isa = PBXBuildFile; fileRef = 9B92DCAE269825970076C9C5 /* Register.swift */; };
		9BED39DE2690569A000FB763 /* AboutViewController.swift in Sources */ = {isa = PBXBuildFile; fileRef = 9BED39DD2690569A000FB763 /* AboutViewController.swift */; };
/* End PBXBuildFile section */

/* Begin PBXContainerItemProxy section */
		8EEEAC3B268EE90D006CB8C9 /* PBXContainerItemProxy */ = {
			isa = PBXContainerItemProxy;
			containerPortal = 8EEEAC1C268EE90B006CB8C9 /* Project object */;
			proxyType = 1;
			remoteGlobalIDString = 8EEEAC23268EE90B006CB8C9;
			remoteInfo = TikTacToe;
		};
		8EEEAC46268EE90D006CB8C9 /* PBXContainerItemProxy */ = {
			isa = PBXContainerItemProxy;
			containerPortal = 8EEEAC1C268EE90B006CB8C9 /* Project object */;
			proxyType = 1;
			remoteGlobalIDString = 8EEEAC23268EE90B006CB8C9;
			remoteInfo = TikTacToe;
		};
/* End PBXContainerItemProxy section */

/* Begin PBXFileReference section */
		8E2E034A2699CC1D0000D09F /* LaunchScreen.storyboard */ = {isa = PBXFileReference; lastKnownFileType = file.storyboard; path = LaunchScreen.storyboard; sourceTree = "<group>"; };
		8EEEAC24268EE90B006CB8C9 /* TikTacToe.app */ = {isa = PBXFileReference; explicitFileType = wrapper.application; includeInIndex = 0; path = TikTacToe.app; sourceTree = BUILT_PRODUCTS_DIR; };
		8EEEAC27268EE90B006CB8C9 /* AppDelegate.swift */ = {isa = PBXFileReference; lastKnownFileType = sourcecode.swift; path = AppDelegate.swift; sourceTree = "<group>"; };
		8EEEAC29268EE90B006CB8C9 /* SceneDelegate.swift */ = {isa = PBXFileReference; lastKnownFileType = sourcecode.swift; path = SceneDelegate.swift; sourceTree = "<group>"; };
		8EEEAC2B268EE90B006CB8C9 /* ViewController.swift */ = {isa = PBXFileReference; lastKnownFileType = sourcecode.swift; path = ViewController.swift; sourceTree = "<group>"; };
		8EEEAC2E268EE90B006CB8C9 /* Base */ = {isa = PBXFileReference; lastKnownFileType = file.storyboard; name = Base; path = Base.lproj/Main.storyboard; sourceTree = "<group>"; };
		8EEEAC30268EE90D006CB8C9 /* Assets.xcassets */ = {isa = PBXFileReference; lastKnownFileType = folder.assetcatalog; path = Assets.xcassets; sourceTree = "<group>"; };
		8EEEAC33268EE90D006CB8C9 /* Base */ = {isa = PBXFileReference; lastKnownFileType = file.storyboard; name = Base; path = Base.lproj/LaunchScreen.storyboard; sourceTree = "<group>"; };
		8EEEAC35268EE90D006CB8C9 /* Info.plist */ = {isa = PBXFileReference; lastKnownFileType = text.plist.xml; path = Info.plist; sourceTree = "<group>"; };
		8EEEAC3A268EE90D006CB8C9 /* TikTacToeTests.xctest */ = {isa = PBXFileReference; explicitFileType = wrapper.cfbundle; includeInIndex = 0; path = TikTacToeTests.xctest; sourceTree = BUILT_PRODUCTS_DIR; };
		8EEEAC3E268EE90D006CB8C9 /* TikTacToeTests.swift */ = {isa = PBXFileReference; lastKnownFileType = sourcecode.swift; path = TikTacToeTests.swift; sourceTree = "<group>"; };
		8EEEAC40268EE90D006CB8C9 /* Info.plist */ = {isa = PBXFileReference; lastKnownFileType = text.plist.xml; path = Info.plist; sourceTree = "<group>"; };
		8EEEAC45268EE90D006CB8C9 /* TikTacToeUITests.xctest */ = {isa = PBXFileReference; explicitFileType = wrapper.cfbundle; includeInIndex = 0; path = TikTacToeUITests.xctest; sourceTree = BUILT_PRODUCTS_DIR; };
		8EEEAC49268EE90D006CB8C9 /* TikTacToeUITests.swift */ = {isa = PBXFileReference; lastKnownFileType = sourcecode.swift; path = TikTacToeUITests.swift; sourceTree = "<group>"; };
		8EEEAC4B268EE90D006CB8C9 /* Info.plist */ = {isa = PBXFileReference; lastKnownFileType = text.plist.xml; path = Info.plist; sourceTree = "<group>"; };
		9B11A7FE269694D30047BA62 /* aboutMJViewController.swift */ = {isa = PBXFileReference; lastKnownFileType = sourcecode.swift; path = aboutMJViewController.swift; sourceTree = "<group>"; };
		9B92DCAC269825790076C9C5 /* Login.swift */ = {isa = PBXFileReference; lastKnownFileType = sourcecode.swift; path = Login.swift; sourceTree = "<group>"; };
		9B92DCAE269825970076C9C5 /* Register.swift */ = {isa = PBXFileReference; lastKnownFileType = sourcecode.swift; path = Register.swift; sourceTree = "<group>"; };
		9BED39DD2690569A000FB763 /* AboutViewController.swift */ = {isa = PBXFileReference; lastKnownFileType = sourcecode.swift; path = AboutViewController.swift; sourceTree = "<group>"; };
/* End PBXFileReference section */

/* Begin PBXFrameworksBuildPhase section */
		8EEEAC21268EE90B006CB8C9 /* Frameworks */ = {
			isa = PBXFrameworksBuildPhase;
			buildActionMask = 2147483647;
			files = (
			);
			runOnlyForDeploymentPostprocessing = 0;
		};
		8EEEAC37268EE90D006CB8C9 /* Frameworks */ = {
			isa = PBXFrameworksBuildPhase;
			buildActionMask = 2147483647;
			files = (
			);
			runOnlyForDeploymentPostprocessing = 0;
		};
		8EEEAC42268EE90D006CB8C9 /* Frameworks */ = {
			isa = PBXFrameworksBuildPhase;
			buildActionMask = 2147483647;
			files = (
			);
			runOnlyForDeploymentPostprocessing = 0;
		};
/* End PBXFrameworksBuildPhase section */

/* Begin PBXGroup section */
		8EEEAC1B268EE90B006CB8C9 = {
			isa = PBXGroup;
			children = (
				8EEEAC26268EE90B006CB8C9 /* TikTacToe */,
				8EEEAC3D268EE90D006CB8C9 /* TikTacToeTests */,
				8EEEAC48268EE90D006CB8C9 /* TikTacToeUITests */,
				8EEEAC25268EE90B006CB8C9 /* Products */,
			);
			sourceTree = "<group>";
		};
		8EEEAC25268EE90B006CB8C9 /* Products */ = {
			isa = PBXGroup;
			children = (
				8EEEAC24268EE90B006CB8C9 /* TikTacToe.app */,
				8EEEAC3A268EE90D006CB8C9 /* TikTacToeTests.xctest */,
				8EEEAC45268EE90D006CB8C9 /* TikTacToeUITests.xctest */,
			);
			name = Products;
			sourceTree = "<group>";
		};
		8EEEAC26268EE90B006CB8C9 /* TikTacToe */ = {
			isa = PBXGroup;
			children = (
				8EEEAC27268EE90B006CB8C9 /* AppDelegate.swift */,
				9B92DCAC269825790076C9C5 /* Login.swift */,
				9B92DCAE269825970076C9C5 /* Register.swift */,
				8EEEAC29268EE90B006CB8C9 /* SceneDelegate.swift */,
				8EEEAC2B268EE90B006CB8C9 /* ViewController.swift */,
				8EEEAC2D268EE90B006CB8C9 /* Main.storyboard */,
				8EEEAC30268EE90D006CB8C9 /* Assets.xcassets */,
				8EEEAC32268EE90D006CB8C9 /* LaunchScreen.storyboard */,
				8EEEAC35268EE90D006CB8C9 /* Info.plist */,
				9BED39DD2690569A000FB763 /* AboutViewController.swift */,
				9B11A7FE269694D30047BA62 /* aboutMJViewController.swift */,
				8E2E034A2699CC1D0000D09F /* LaunchScreen.storyboard */,
			);
			path = TikTacToe;
			sourceTree = "<group>";
		};
		8EEEAC3D268EE90D006CB8C9 /* TikTacToeTests */ = {
			isa = PBXGroup;
			children = (
				8EEEAC3E268EE90D006CB8C9 /* TikTacToeTests.swift */,
				8EEEAC40268EE90D006CB8C9 /* Info.plist */,
			);
			path = TikTacToeTests;
			sourceTree = "<group>";
		};
		8EEEAC48268EE90D006CB8C9 /* TikTacToeUITests */ = {
			isa = PBXGroup;
			children = (
				8EEEAC49268EE90D006CB8C9 /* TikTacToeUITests.swift */,
				8EEEAC4B268EE90D006CB8C9 /* Info.plist */,
			);
			path = TikTacToeUITests;
			sourceTree = "<group>";
		};
/* End PBXGroup section */

/* Begin PBXNativeTarget section */
		8EEEAC23268EE90B006CB8C9 /* TikTacToe */ = {
			isa = PBXNativeTarget;
			buildConfigurationList = 8EEEAC4E268EE90D006CB8C9 /* Build configuration list for PBXNativeTarget "TikTacToe" */;
			buildPhases = (
				8EEEAC20268EE90B006CB8C9 /* Sources */,
				8EEEAC21268EE90B006CB8C9 /* Frameworks */,
				8EEEAC22268EE90B006CB8C9 /* Resources */,
			);
			buildRules = (
			);
			dependencies = (
			);
			name = TikTacToe;
			productName = TikTacToe;
			productReference = 8EEEAC24268EE90B006CB8C9 /* TikTacToe.app */;
			productType = "com.apple.product-type.application";
		};
		8EEEAC39268EE90D006CB8C9 /* TikTacToeTests */ = {
			isa = PBXNativeTarget;
			buildConfigurationList = 8EEEAC51268EE90D006CB8C9 /* Build configuration list for PBXNativeTarget "TikTacToeTests" */;
			buildPhases = (
				8EEEAC36268EE90D006CB8C9 /* Sources */,
				8EEEAC37268EE90D006CB8C9 /* Frameworks */,
				8EEEAC38268EE90D006CB8C9 /* Resources */,
			);
			buildRules = (
			);
			dependencies = (
				8EEEAC3C268EE90D006CB8C9 /* PBXTargetDependency */,
			);
			name = TikTacToeTests;
			productName = TikTacToeTests;
			productReference = 8EEEAC3A268EE90D006CB8C9 /* TikTacToeTests.xctest */;
			productType = "com.apple.product-type.bundle.unit-test";
		};
		8EEEAC44268EE90D006CB8C9 /* TikTacToeUITests */ = {
			isa = PBXNativeTarget;
			buildConfigurationList = 8EEEAC54268EE90D006CB8C9 /* Build configuration list for PBXNativeTarget "TikTacToeUITests" */;
			buildPhases = (
				8EEEAC41268EE90D006CB8C9 /* Sources */,
				8EEEAC42268EE90D006CB8C9 /* Frameworks */,
				8EEEAC43268EE90D006CB8C9 /* Resources */,
			);
			buildRules = (
			);
			dependencies = (
				8EEEAC47268EE90D006CB8C9 /* PBXTargetDependency */,
			);
			name = TikTacToeUITests;
			productName = TikTacToeUITests;
			productReference = 8EEEAC45268EE90D006CB8C9 /* TikTacToeUITests.xctest */;
			productType = "com.apple.product-type.bundle.ui-testing";
		};
/* End PBXNativeTarget section */

/* Begin PBXProject section */
		8EEEAC1C268EE90B006CB8C9 /* Project object */ = {
			isa = PBXProject;
			attributes = {
				LastSwiftUpdateCheck = 1250;
				LastUpgradeCheck = 1250;
				TargetAttributes = {
					8EEEAC23268EE90B006CB8C9 = {
						CreatedOnToolsVersion = 12.5;
					};
					8EEEAC39268EE90D006CB8C9 = {
						CreatedOnToolsVersion = 12.5;
						TestTargetID = 8EEEAC23268EE90B006CB8C9;
					};
					8EEEAC44268EE90D006CB8C9 = {
						CreatedOnToolsVersion = 12.5;
						TestTargetID = 8EEEAC23268EE90B006CB8C9;
					};
				};
			};
			buildConfigurationList = 8EEEAC1F268EE90B006CB8C9 /* Build configuration list for PBXProject "TikTacToe" */;
			compatibilityVersion = "Xcode 9.3";
			developmentRegion = en;
			hasScannedForEncodings = 0;
			knownRegions = (
				en,
				Base,
			);
			mainGroup = 8EEEAC1B268EE90B006CB8C9;
			productRefGroup = 8EEEAC25268EE90B006CB8C9 /* Products */;
			projectDirPath = "";
			projectRoot = "";
			targets = (
				8EEEAC23268EE90B006CB8C9 /* TikTacToe */,
				8EEEAC39268EE90D006CB8C9 /* TikTacToeTests */,
				8EEEAC44268EE90D006CB8C9 /* TikTacToeUITests */,
			);
		};
/* End PBXProject section */

/* Begin PBXResourcesBuildPhase section */
		8EEEAC22268EE90B006CB8C9 /* Resources */ = {
			isa = PBXResourcesBuildPhase;
			buildActionMask = 2147483647;
			files = (
				8EEEAC34268EE90D006CB8C9 /* LaunchScreen.storyboard in Resources */,
				8E2E034B2699CC1D0000D09F /* LaunchScreen.storyboard in Resources */,
				8EEEAC31268EE90D006CB8C9 /* Assets.xcassets in Resources */,
				8EEEAC2F268EE90B006CB8C9 /* Main.storyboard in Resources */,
			);
			runOnlyForDeploymentPostprocessing = 0;
		};
		8EEEAC38268EE90D006CB8C9 /* Resources */ = {
			isa = PBXResourcesBuildPhase;
			buildActionMask = 2147483647;
			files = (
			);
			runOnlyForDeploymentPostprocessing = 0;
		};
		8EEEAC43268EE90D006CB8C9 /* Resources */ = {
			isa = PBXResourcesBuildPhase;
			buildActionMask = 2147483647;
			files = (
			);
			runOnlyForDeploymentPostprocessing = 0;
		};
/* End PBXResourcesBuildPhase section */

/* Begin PBXSourcesBuildPhase section */
		8EEEAC20268EE90B006CB8C9 /* Sources */ = {
			isa = PBXSourcesBuildPhase;
			buildActionMask = 2147483647;
			files = (
				9B92DCAD269825790076C9C5 /* Login.swift in Sources */,
				8EEEAC2C268EE90B006CB8C9 /* ViewController.swift in Sources */,
				8EEEAC28268EE90B006CB8C9 /* AppDelegate.swift in Sources */,
				9BED39DE2690569A000FB763 /* AboutViewController.swift in Sources */,
				8EEEAC2A268EE90B006CB8C9 /* SceneDelegate.swift in Sources */,
				9B92DCAF269825970076C9C5 /* Register.swift in Sources */,
				9B11A7FF269694D30047BA62 /* aboutMJViewController.swift in Sources */,
			);
			runOnlyForDeploymentPostprocessing = 0;
		};
		8EEEAC36268EE90D006CB8C9 /* Sources */ = {
			isa = PBXSourcesBuildPhase;
			buildActionMask = 2147483647;
			files = (
				8EEEAC3F268EE90D006CB8C9 /* TikTacToeTests.swift in Sources */,
			);
			runOnlyForDeploymentPostprocessing = 0;
		};
		8EEEAC41268EE90D006CB8C9 /* Sources */ = {
			isa = PBXSourcesBuildPhase;
			buildActionMask = 2147483647;
			files = (
				8EEEAC4A268EE90D006CB8C9 /* TikTacToeUITests.swift in Sources */,
			);
			runOnlyForDeploymentPostprocessing = 0;
		};
/* End PBXSourcesBuildPhase section */

/* Begin PBXTargetDependency section */
		8EEEAC3C268EE90D006CB8C9 /* PBXTargetDependency */ = {
			isa = PBXTargetDependency;
			target = 8EEEAC23268EE90B006CB8C9 /* TikTacToe */;
			targetProxy = 8EEEAC3B268EE90D006CB8C9 /* PBXContainerItemProxy */;
		};
		8EEEAC47268EE90D006CB8C9 /* PBXTargetDependency */ = {
			isa = PBXTargetDependency;
			target = 8EEEAC23268EE90B006CB8C9 /* TikTacToe */;
			targetProxy = 8EEEAC46268EE90D006CB8C9 /* PBXContainerItemProxy */;
		};
/* End PBXTargetDependency section */

/* Begin PBXVariantGroup section */
		8EEEAC2D268EE90B006CB8C9 /* Main.storyboard */ = {
			isa = PBXVariantGroup;
			children = (
				8EEEAC2E268EE90B006CB8C9 /* Base */,
			);
			name = Main.storyboard;
			sourceTree = "<group>";
		};
		8EEEAC32268EE90D006CB8C9 /* LaunchScreen.storyboard */ = {
			isa = PBXVariantGroup;
			children = (
				8EEEAC33268EE90D006CB8C9 /* Base */,
			);
			name = LaunchScreen.storyboard;
			sourceTree = "<group>";
		};
/* End PBXVariantGroup section */

/* Begin XCBuildConfiguration section */
		8EEEAC4C268EE90D006CB8C9 /* Debug */ = {
			isa = XCBuildConfiguration;
			buildSettings = {
				ALWAYS_SEARCH_USER_PATHS = NO;
				CLANG_ANALYZER_NONNULL = YES;
				CLANG_ANALYZER_NUMBER_OBJECT_CONVERSION = YES_AGGRESSIVE;
				CLANG_CXX_LANGUAGE_STANDARD = "gnu++14";
				CLANG_CXX_LIBRARY = "libc++";
				CLANG_ENABLE_MODULES = YES;
				CLANG_ENABLE_OBJC_ARC = YES;
				CLANG_ENABLE_OBJC_WEAK = YES;
				CLANG_WARN_BLOCK_CAPTURE_AUTORELEASING = YES;
				CLANG_WARN_BOOL_CONVERSION = YES;
				CLANG_WARN_COMMA = YES;
				CLANG_WARN_CONSTANT_CONVERSION = YES;
				CLANG_WARN_DEPRECATED_OBJC_IMPLEMENTATIONS = YES;
				CLANG_WARN_DIRECT_OBJC_ISA_USAGE = YES_ERROR;
				CLANG_WARN_DOCUMENTATION_COMMENTS = YES;
				CLANG_WARN_EMPTY_BODY = YES;
				CLANG_WARN_ENUM_CONVERSION = YES;
				CLANG_WARN_INFINITE_RECURSION = YES;
				CLANG_WARN_INT_CONVERSION = YES;
				CLANG_WARN_NON_LITERAL_NULL_CONVERSION = YES;
				CLANG_WARN_OBJC_IMPLICIT_RETAIN_SELF = YES;
				CLANG_WARN_OBJC_LITERAL_CONVERSION = YES;
				CLANG_WARN_OBJC_ROOT_CLASS = YES_ERROR;
				CLANG_WARN_QUOTED_INCLUDE_IN_FRAMEWORK_HEADER = YES;
				CLANG_WARN_RANGE_LOOP_ANALYSIS = YES;
				CLANG_WARN_STRICT_PROTOTYPES = YES;
				CLANG_WARN_SUSPICIOUS_MOVE = YES;
				CLANG_WARN_UNGUARDED_AVAILABILITY = YES_AGGRESSIVE;
				CLANG_WARN_UNREACHABLE_CODE = YES;
				CLANG_WARN__DUPLICATE_METHOD_MATCH = YES;
				COPY_PHASE_STRIP = NO;
				DEBUG_INFORMATION_FORMAT = dwarf;
				ENABLE_STRICT_OBJC_MSGSEND = YES;
				ENABLE_TESTABILITY = YES;
				GCC_C_LANGUAGE_STANDARD = gnu11;
				GCC_DYNAMIC_NO_PIC = NO;
				GCC_NO_COMMON_BLOCKS = YES;
				GCC_OPTIMIZATION_LEVEL = 0;
				GCC_PREPROCESSOR_DEFINITIONS = (
					"DEBUG=1",
					"$(inherited)",
				);
				GCC_WARN_64_TO_32_BIT_CONVERSION = YES;
				GCC_WARN_ABOUT_RETURN_TYPE = YES_ERROR;
				GCC_WARN_UNDECLARED_SELECTOR = YES;
				GCC_WARN_UNINITIALIZED_AUTOS = YES_AGGRESSIVE;
				GCC_WARN_UNUSED_FUNCTION = YES;
				GCC_WARN_UNUSED_VARIABLE = YES;
				IPHONEOS_DEPLOYMENT_TARGET = 14.5;
				MTL_ENABLE_DEBUG_INFO = INCLUDE_SOURCE;
				MTL_FAST_MATH = YES;
				ONLY_ACTIVE_ARCH = YES;
				SDKROOT = iphoneos;
				SWIFT_ACTIVE_COMPILATION_CONDITIONS = DEBUG;
				SWIFT_OPTIMIZATION_LEVEL = "-Onone";
			};
			name = Debug;
		};
		8EEEAC4D268EE90D006CB8C9 /* Release */ = {
			isa = XCBuildConfiguration;
			buildSettings = {
				ALWAYS_SEARCH_USER_PATHS = NO;
				CLANG_ANALYZER_NONNULL = YES;
				CLANG_ANALYZER_NUMBER_OBJECT_CONVERSION = YES_AGGRESSIVE;
				CLANG_CXX_LANGUAGE_STANDARD = "gnu++14";
				CLANG_CXX_LIBRARY = "libc++";
				CLANG_ENABLE_MODULES = YES;
				CLANG_ENABLE_OBJC_ARC = YES;
				CLANG_ENABLE_OBJC_WEAK = YES;
				CLANG_WARN_BLOCK_CAPTURE_AUTORELEASING = YES;
				CLANG_WARN_BOOL_CONVERSION = YES;
				CLANG_WARN_COMMA = YES;
				CLANG_WARN_CONSTANT_CONVERSION = YES;
				CLANG_WARN_DEPRECATED_OBJC_IMPLEMENTATIONS = YES;
				CLANG_WARN_DIRECT_OBJC_ISA_USAGE = YES_ERROR;
				CLANG_WARN_DOCUMENTATION_COMMENTS = YES;
				CLANG_WARN_EMPTY_BODY = YES;
				CLANG_WARN_ENUM_CONVERSION = YES;
				CLANG_WARN_INFINITE_RECURSION = YES;
				CLANG_WARN_INT_CONVERSION = YES;
				CLANG_WARN_NON_LITERAL_NULL_CONVERSION = YES;
				CLANG_WARN_OBJC_IMPLICIT_RETAIN_SELF = YES;
				CLANG_WARN_OBJC_LITERAL_CONVERSION = YES;
				CLANG_WARN_OBJC_ROOT_CLASS = YES_ERROR;
				CLANG_WARN_QUOTED_INCLUDE_IN_FRAMEWORK_HEADER = YES;
				CLANG_WARN_RANGE_LOOP_ANALYSIS = YES;
				CLANG_WARN_STRICT_PROTOTYPES = YES;
				CLANG_WARN_SUSPICIOUS_MOVE = YES;
				CLANG_WARN_UNGUARDED_AVAILABILITY = YES_AGGRESSIVE;
				CLANG_WARN_UNREACHABLE_CODE = YES;
				CLANG_WARN__DUPLICATE_METHOD_MATCH = YES;
				COPY_PHASE_STRIP = NO;
				DEBUG_INFORMATION_FORMAT = "dwarf-with-dsym";
				ENABLE_NS_ASSERTIONS = NO;
				ENABLE_STRICT_OBJC_MSGSEND = YES;
				GCC_C_LANGUAGE_STANDARD = gnu11;
				GCC_NO_COMMON_BLOCKS = YES;
				GCC_WARN_64_TO_32_BIT_CONVERSION = YES;
				GCC_WARN_ABOUT_RETURN_TYPE = YES_ERROR;
				GCC_WARN_UNDECLARED_SELECTOR = YES;
				GCC_WARN_UNINITIALIZED_AUTOS = YES_AGGRESSIVE;
				GCC_WARN_UNUSED_FUNCTION = YES;
				GCC_WARN_UNUSED_VARIABLE = YES;
				IPHONEOS_DEPLOYMENT_TARGET = 14.5;
				MTL_ENABLE_DEBUG_INFO = NO;
				MTL_FAST_MATH = YES;
				SDKROOT = iphoneos;
				SWIFT_COMPILATION_MODE = wholemodule;
				SWIFT_OPTIMIZATION_LEVEL = "-O";
				VALIDATE_PRODUCT = YES;
			};
			name = Release;
		};
		8EEEAC4F268EE90D006CB8C9 /* Debug */ = {
			isa = XCBuildConfiguration;
			buildSettings = {
				ASSETCATALOG_COMPILER_APPICON_NAME = AppIcon;
				ASSETCATALOG_COMPILER_GLOBAL_ACCENT_COLOR_NAME = AccentColor;
				CODE_SIGN_STYLE = Automatic;
				INFOPLIST_FILE = TikTacToe/Info.plist;
				LD_RUNPATH_SEARCH_PATHS = (
					"$(inherited)",
					"@executable_path/Frameworks",
				);
				PRODUCT_BUNDLE_IDENTIFIER = FEUAlabang.TikTacToe;
				PRODUCT_NAME = "$(TARGET_NAME)";
				SWIFT_VERSION = 5.0;
				TARGETED_DEVICE_FAMILY = 1;
			};
			name = Debug;
		};
		8EEEAC50268EE90D006CB8C9 /* Release */ = {
			isa = XCBuildConfiguration;
			buildSettings = {
				ASSETCATALOG_COMPILER_APPICON_NAME = AppIcon;
				ASSETCATALOG_COMPILER_GLOBAL_ACCENT_COLOR_NAME = AccentColor;
				CODE_SIGN_STYLE = Automatic;
				INFOPLIST_FILE = TikTacToe/Info.plist;
				LD_RUNPATH_SEARCH_PATHS = (
					"$(inherited)",
					"@executable_path/Frameworks",
				);
				PRODUCT_BUNDLE_IDENTIFIER = FEUAlabang.TikTacToe;
				PRODUCT_NAME = "$(TARGET_NAME)";
				SWIFT_VERSION = 5.0;
				TARGETED_DEVICE_FAMILY = 1;
			};
			name = Release;
		};
		8EEEAC52268EE90D006CB8C9 /* Debug */ = {
			isa = XCBuildConfiguration;
			buildSettings = {
				ALWAYS_EMBED_SWIFT_STANDARD_LIBRARIES = YES;
				BUNDLE_LOADER = "$(TEST_HOST)";
				CODE_SIGN_STYLE = Automatic;
				INFOPLIST_FILE = TikTacToeTests/Info.plist;
				IPHONEOS_DEPLOYMENT_TARGET = 14.5;
				LD_RUNPATH_SEARCH_PATHS = (
					"$(inherited)",
					"@executable_path/Frameworks",
					"@loader_path/Frameworks",
				);
				PRODUCT_BUNDLE_IDENTIFIER = FEUAlabang.TikTacToeTests;
				PRODUCT_NAME = "$(TARGET_NAME)";
				SWIFT_VERSION = 5.0;
				TARGETED_DEVICE_FAMILY = "1,2";
				TEST_HOST = "$(BUILT_PRODUCTS_DIR)/TikTacToe.app/TikTacToe";
			};
			name = Debug;
		};
		8EEEAC53268EE90D006CB8C9 /* Release */ = {
			isa = XCBuildConfiguration;
			buildSettings = {
				ALWAYS_EMBED_SWIFT_STANDARD_LIBRARIES = YES;
				BUNDLE_LOADER = "$(TEST_HOST)";
				CODE_SIGN_STYLE = Automatic;
				INFOPLIST_FILE = TikTacToeTests/Info.plist;
				IPHONEOS_DEPLOYMENT_TARGET = 14.5;
				LD_RUNPATH_SEARCH_PATHS = (
					"$(inherited)",
					"@executable_path/Frameworks",
					"@loader_path/Frameworks",
				);
				PRODUCT_BUNDLE_IDENTIFIER = FEUAlabang.TikTacToeTests;
				PRODUCT_NAME = "$(TARGET_NAME)";
				SWIFT_VERSION = 5.0;
				TARGETED_DEVICE_FAMILY = "1,2";
				TEST_HOST = "$(BUILT_PRODUCTS_DIR)/TikTacToe.app/TikTacToe";
			};
			name = Release;
		};
		8EEEAC55268EE90D006CB8C9 /* Debug */ = {
			isa = XCBuildConfiguration;
			buildSettings = {
				ALWAYS_EMBED_SWIFT_STANDARD_LIBRARIES = YES;
				CODE_SIGN_STYLE = Automatic;
				INFOPLIST_FILE = TikTacToeUITests/Info.plist;
				LD_RUNPATH_SEARCH_PATHS = (
					"$(inherited)",
					"@executable_path/Frameworks",
					"@loader_path/Frameworks",
				);
				PRODUCT_BUNDLE_IDENTIFIER = FEUAlabang.TikTacToeUITests;
				PRODUCT_NAME = "$(TARGET_NAME)";
				SWIFT_VERSION = 5.0;
				TARGETED_DEVICE_FAMILY = "1,2";
				TEST_TARGET_NAME = TikTacToe;
			};
			name = Debug;
		};
		8EEEAC56268EE90D006CB8C9 /* Release */ = {
			isa = XCBuildConfiguration;
			buildSettings = {
				ALWAYS_EMBED_SWIFT_STANDARD_LIBRARIES = YES;
				CODE_SIGN_STYLE = Automatic;
				INFOPLIST_FILE = TikTacToeUITests/Info.plist;
				LD_RUNPATH_SEARCH_PATHS = (
					"$(inherited)",
					"@executable_path/Frameworks",
					"@loader_path/Frameworks",
				);
				PRODUCT_BUNDLE_IDENTIFIER = FEUAlabang.TikTacToeUITests;
				PRODUCT_NAME = "$(TARGET_NAME)";
				SWIFT_VERSION = 5.0;
				TARGETED_DEVICE_FAMILY = "1,2";
				TEST_TARGET_NAME = TikTacToe;
			};
			name = Release;
		};
/* End XCBuildConfiguration section */

/* Begin XCConfigurationList section */
		8EEEAC1F268EE90B006CB8C9 /* Build configuration list for PBXProject "TikTacToe" */ = {
			isa = XCConfigurationList;
			buildConfigurations = (
				8EEEAC4C268EE90D006CB8C9 /* Debug */,
				8EEEAC4D268EE90D006CB8C9 /* Release */,
			);
			defaultConfigurationIsVisible = 0;
			defaultConfigurationName = Release;
		};
		8EEEAC4E268EE90D006CB8C9 /* Build configuration list for PBXNativeTarget "TikTacToe" */ = {
			isa = XCConfigurationList;
			buildConfigurations = (
				8EEEAC4F268EE90D006CB8C9 /* Debug */,
				8EEEAC50268EE90D006CB8C9 /* Release */,
			);
			defaultConfigurationIsVisible = 0;
			defaultConfigurationName = Release;
		};
		8EEEAC51268EE90D006CB8C9 /* Build configuration list for PBXNativeTarget "TikTacToeTests" */ = {
			isa = XCConfigurationList;
			buildConfigurations = (
				8EEEAC52268EE90D006CB8C9 /* Debug */,
				8EEEAC53268EE90D006CB8C9 /* Release */,
			);
			defaultConfigurationIsVisible = 0;
			defaultConfigurationName = Release;
		};
		8EEEAC54268EE90D006CB8C9 /* Build configuration list for PBXNativeTarget "TikTacToeUITests" */ = {
			isa = XCConfigurationList;
			buildConfigurations = (
				8EEEAC55268EE90D006CB8C9 /* Debug */,
				8EEEAC56268EE90D006CB8C9 /* Release */,
			);
			defaultConfigurationIsVisible = 0;
			defaultConfigurationName = Release;
		};
/* End XCConfigurationList section */
	};
	rootObject = 8EEEAC1C268EE90B006CB8C9 /* Project object */;
}
